// !$*UTF8*$!
{
	archiveVersion = 1;
	classes = {
	};
	objectVersion = 50;
	objects = {

/* Begin PBXBuildFile section */
		4D5FC7B3248B015B00A10091 /* AppDelegate.swift in Sources */ = {isa = PBXBuildFile; fileRef = 4D5FC7B2248B015B00A10091 /* AppDelegate.swift */; };
		4D5FC7B5248B015B00A10091 /* SceneDelegate.swift in Sources */ = {isa = PBXBuildFile; fileRef = 4D5FC7B4248B015B00A10091 /* SceneDelegate.swift */; };
		4D5FC7B9248B015D00A10091 /* Assets.xcassets in Resources */ = {isa = PBXBuildFile; fileRef = 4D5FC7B8248B015D00A10091 /* Assets.xcassets */; };
		4D5FC7BC248B015D00A10091 /* Preview Assets.xcassets in Resources */ = {isa = PBXBuildFile; fileRef = 4D5FC7BB248B015D00A10091 /* Preview Assets.xcassets */; };
		4D5FC7BF248B015D00A10091 /* LaunchScreen.storyboard in Resources */ = {isa = PBXBuildFile; fileRef = 4D5FC7BD248B015D00A10091 /* LaunchScreen.storyboard */; };
		4D5FC7CA248B015E00A10091 /* NewsTests.swift in Sources */ = {isa = PBXBuildFile; fileRef = 4D5FC7C9248B015E00A10091 /* NewsTests.swift */; };
		9B29B3A5BC1CC19473E7EE56 /* Pods_News.framework in Frameworks */ = {isa = PBXBuildFile; fileRef = BC129FB8EEEB9DFB150E3310 /* Pods_News.framework */; };
		9E15B21C5EC21C5A13954A78 /* Pods_NewsTests.framework in Frameworks */ = {isa = PBXBuildFile; fileRef = 1056056D928BA1FB92C64192 /* Pods_NewsTests.framework */; };
		C1420000231AD5519FABC2AB /* NewsApi.swift in Sources */ = {isa = PBXBuildFile; fileRef = C1420A6800D8070A5DC14938 /* NewsApi.swift */; };
		C14200F813EB34B5BDEB5ABF /* FirstViewTab.swift in Sources */ = {isa = PBXBuildFile; fileRef = C14204FA4CAF4D07782B18A1 /* FirstViewTab.swift */; };
		C1420174B6DE9C0B6F7B855F /* SecondViewTab.swift in Sources */ = {isa = PBXBuildFile; fileRef = C14203D04A9BA68C421D7EBC /* SecondViewTab.swift */; };
		C142035CD632A3C2C35EFF72 /* ThirdViewTab.swift in Sources */ = {isa = PBXBuildFile; fileRef = C14205A85C59612E73B58521 /* ThirdViewTab.swift */; };
		C1420534532C912172AF3A99 /* SearchBar.swift in Sources */ = {isa = PBXBuildFile; fileRef = C1420CB406368CBF607D52D7 /* SearchBar.swift */; };
		C14205AB04B2334A1C44A4CA /* NewsChannel.swift in Sources */ = {isa = PBXBuildFile; fileRef = C1420234B7152DCBFB8CEB7D /* NewsChannel.swift */; };
		C14206D9BFF665E09998E344 /* NewsApiService.swift in Sources */ = {isa = PBXBuildFile; fileRef = C1420EC4DAE7ED7F41D1F746 /* NewsApiService.swift */; };
		C142075A5355E550E1054019 /* Models.swift in Sources */ = {isa = PBXBuildFile; fileRef = C1420738F1C6C0D6FA04416C /* Models.swift */; };
		C14208286A2D6BCAE1B6B223 /* AllNewsOfChannel.swift in Sources */ = {isa = PBXBuildFile; fileRef = C142008565464536708A5F1F /* AllNewsOfChannel.swift */; };
		C1420A2895530C0D129185D1 /* ImageCahe.swift in Sources */ = {isa = PBXBuildFile; fileRef = C142060A99406D8CDB208181 /* ImageCahe.swift */; };
		C1420B89EC963BFA85121735 /* ContentView.swift in Sources */ = {isa = PBXBuildFile; fileRef = C1420D45173B1C71F3C65414 /* ContentView.swift */; };
		C1420B9075348E6828F55964 /* CardArticls.swift in Sources */ = {isa = PBXBuildFile; fileRef = C142043757FC5018607BB274 /* CardArticls.swift */; };
		C1420EA92FB806D4009C9D88 /* ImageLoader.swift in Sources */ = {isa = PBXBuildFile; fileRef = C14207BE5893B17462B171E5 /* ImageLoader.swift */; };
		C1420F067D8C05967D458CB0 /* AsyncImage.swift in Sources */ = {isa = PBXBuildFile; fileRef = C1420C5E8989CBEE7342EC1A /* AsyncImage.swift */; };
/* End PBXBuildFile section */

/* Begin PBXContainerItemProxy section */
		4D5FC7C6248B015D00A10091 /* PBXContainerItemProxy */ = {
			isa = PBXContainerItemProxy;
			containerPortal = 4D5FC7A7248B015A00A10091 /* Project object */;
			proxyType = 1;
			remoteGlobalIDString = 4D5FC7AE248B015B00A10091;
			remoteInfo = News;
		};
/* End PBXContainerItemProxy section */

/* Begin PBXFileReference section */
		1056056D928BA1FB92C64192 /* Pods_NewsTests.framework */ = {isa = PBXFileReference; explicitFileType = wrapper.framework; includeInIndex = 0; path = Pods_NewsTests.framework; sourceTree = BUILT_PRODUCTS_DIR; };
		2CEA1AD0CE46E26D7E5D91FD /* Pods-NewsTests.debug.xcconfig */ = {isa = PBXFileReference; includeInIndex = 1; lastKnownFileType = text.xcconfig; name = "Pods-NewsTests.debug.xcconfig"; path = "Target Support Files/Pods-NewsTests/Pods-NewsTests.debug.xcconfig"; sourceTree = "<group>"; };
		4D5FC7AF248B015B00A10091 /* News.app */ = {isa = PBXFileReference; explicitFileType = wrapper.application; includeInIndex = 0; path = News.app; sourceTree = BUILT_PRODUCTS_DIR; };
		4D5FC7B2248B015B00A10091 /* AppDelegate.swift */ = {isa = PBXFileReference; lastKnownFileType = sourcecode.swift; path = AppDelegate.swift; sourceTree = "<group>"; };
		4D5FC7B4248B015B00A10091 /* SceneDelegate.swift */ = {isa = PBXFileReference; lastKnownFileType = sourcecode.swift; path = SceneDelegate.swift; sourceTree = "<group>"; };
		4D5FC7B8248B015D00A10091 /* Assets.xcassets */ = {isa = PBXFileReference; lastKnownFileType = folder.assetcatalog; path = Assets.xcassets; sourceTree = "<group>"; };
		4D5FC7BB248B015D00A10091 /* Preview Assets.xcassets */ = {isa = PBXFileReference; lastKnownFileType = folder.assetcatalog; path = "Preview Assets.xcassets"; sourceTree = "<group>"; };
		4D5FC7BE248B015D00A10091 /* Base */ = {isa = PBXFileReference; lastKnownFileType = file.storyboard; name = Base; path = Base.lproj/LaunchScreen.storyboard; sourceTree = "<group>"; };
		4D5FC7C0248B015D00A10091 /* Info.plist */ = {isa = PBXFileReference; lastKnownFileType = text.plist.xml; path = Info.plist; sourceTree = "<group>"; };
		4D5FC7C5248B015D00A10091 /* NewsTests.xctest */ = {isa = PBXFileReference; explicitFileType = wrapper.cfbundle; includeInIndex = 0; path = NewsTests.xctest; sourceTree = BUILT_PRODUCTS_DIR; };
		4D5FC7C9248B015E00A10091 /* NewsTests.swift */ = {isa = PBXFileReference; lastKnownFileType = sourcecode.swift; path = NewsTests.swift; sourceTree = "<group>"; };
		4D5FC7CB248B015E00A10091 /* Info.plist */ = {isa = PBXFileReference; lastKnownFileType = text.plist.xml; path = Info.plist; sourceTree = "<group>"; };
		6AF8EBC3979458E10EDFB612 /* Pods-News.release.xcconfig */ = {isa = PBXFileReference; includeInIndex = 1; lastKnownFileType = text.xcconfig; name = "Pods-News.release.xcconfig"; path = "Target Support Files/Pods-News/Pods-News.release.xcconfig"; sourceTree = "<group>"; };
		A7E8100C129C42BCC5226F9D /* Pods-NewsTests.release.xcconfig */ = {isa = PBXFileReference; includeInIndex = 1; lastKnownFileType = text.xcconfig; name = "Pods-NewsTests.release.xcconfig"; path = "Target Support Files/Pods-NewsTests/Pods-NewsTests.release.xcconfig"; sourceTree = "<group>"; };
		BC129FB8EEEB9DFB150E3310 /* Pods_News.framework */ = {isa = PBXFileReference; explicitFileType = wrapper.framework; includeInIndex = 0; path = Pods_News.framework; sourceTree = BUILT_PRODUCTS_DIR; };
		C142008565464536708A5F1F /* AllNewsOfChannel.swift */ = {isa = PBXFileReference; fileEncoding = 4; lastKnownFileType = sourcecode.swift; path = AllNewsOfChannel.swift; sourceTree = "<group>"; };
		C1420234B7152DCBFB8CEB7D /* NewsChannel.swift */ = {isa = PBXFileReference; fileEncoding = 4; lastKnownFileType = sourcecode.swift; path = NewsChannel.swift; sourceTree = "<group>"; };
		C14203D04A9BA68C421D7EBC /* SecondViewTab.swift */ = {isa = PBXFileReference; fileEncoding = 4; lastKnownFileType = sourcecode.swift; path = SecondViewTab.swift; sourceTree = "<group>"; };
		C142043757FC5018607BB274 /* CardArticls.swift */ = {isa = PBXFileReference; fileEncoding = 4; lastKnownFileType = sourcecode.swift; path = CardArticls.swift; sourceTree = "<group>"; };
		C14204FA4CAF4D07782B18A1 /* FirstViewTab.swift */ = {isa = PBXFileReference; fileEncoding = 4; lastKnownFileType = sourcecode.swift; path = FirstViewTab.swift; sourceTree = "<group>"; };
		C14205A85C59612E73B58521 /* ThirdViewTab.swift */ = {isa = PBXFileReference; fileEncoding = 4; lastKnownFileType = sourcecode.swift; path = ThirdViewTab.swift; sourceTree = "<group>"; };
		C142060A99406D8CDB208181 /* ImageCahe.swift */ = {isa = PBXFileReference; fileEncoding = 4; lastKnownFileType = sourcecode.swift; path = ImageCahe.swift; sourceTree = "<group>"; };
		C1420738F1C6C0D6FA04416C /* Models.swift */ = {isa = PBXFileReference; fileEncoding = 4; lastKnownFileType = sourcecode.swift; path = Models.swift; sourceTree = "<group>"; };
		C14207BE5893B17462B171E5 /* ImageLoader.swift */ = {isa = PBXFileReference; fileEncoding = 4; lastKnownFileType = sourcecode.swift; path = ImageLoader.swift; sourceTree = "<group>"; };
		C1420A6800D8070A5DC14938 /* NewsApi.swift */ = {isa = PBXFileReference; fileEncoding = 4; lastKnownFileType = sourcecode.swift; path = NewsApi.swift; sourceTree = "<group>"; };
		C1420C5E8989CBEE7342EC1A /* AsyncImage.swift */ = {isa = PBXFileReference; fileEncoding = 4; lastKnownFileType = sourcecode.swift; path = AsyncImage.swift; sourceTree = "<group>"; };
		C1420CB406368CBF607D52D7 /* SearchBar.swift */ = {isa = PBXFileReference; fileEncoding = 4; lastKnownFileType = sourcecode.swift; path = SearchBar.swift; sourceTree = "<group>"; };
		C1420D45173B1C71F3C65414 /* ContentView.swift */ = {isa = PBXFileReference; fileEncoding = 4; lastKnownFileType = sourcecode.swift; path = ContentView.swift; sourceTree = "<group>"; };
		C1420EC4DAE7ED7F41D1F746 /* NewsApiService.swift */ = {isa = PBXFileReference; fileEncoding = 4; lastKnownFileType = sourcecode.swift; path = NewsApiService.swift; sourceTree = "<group>"; };
		C3E302332A725CC2E2783499 /* Pods-News.debug.xcconfig */ = {isa = PBXFileReference; includeInIndex = 1; lastKnownFileType = text.xcconfig; name = "Pods-News.debug.xcconfig"; path = "Target Support Files/Pods-News/Pods-News.debug.xcconfig"; sourceTree = "<group>"; };
/* End PBXFileReference section */

/* Begin PBXFrameworksBuildPhase section */
		4D5FC7AC248B015B00A10091 /* Frameworks */ = {
			isa = PBXFrameworksBuildPhase;
			buildActionMask = 2147483647;
			files = (
				9B29B3A5BC1CC19473E7EE56 /* Pods_News.framework in Frameworks */,
			);
			runOnlyForDeploymentPostprocessing = 0;
		};
		4D5FC7C2248B015D00A10091 /* Frameworks */ = {
			isa = PBXFrameworksBuildPhase;
			buildActionMask = 2147483647;
			files = (
				9E15B21C5EC21C5A13954A78 /* Pods_NewsTests.framework in Frameworks */,
			);
			runOnlyForDeploymentPostprocessing = 0;
		};
/* End PBXFrameworksBuildPhase section */

/* Begin PBXGroup section */
		4868C19C040DF6308E059453 /* Pods */ = {
			isa = PBXGroup;
			children = (
				C3E302332A725CC2E2783499 /* Pods-News.debug.xcconfig */,
				6AF8EBC3979458E10EDFB612 /* Pods-News.release.xcconfig */,
				2CEA1AD0CE46E26D7E5D91FD /* Pods-NewsTests.debug.xcconfig */,
				A7E8100C129C42BCC5226F9D /* Pods-NewsTests.release.xcconfig */,
			);
			name = Pods;
			path = Pods;
			sourceTree = "<group>";
		};
		4D5FC7A6248B015A00A10091 = {
			isa = PBXGroup;
			children = (
				4D5FC7B1248B015B00A10091 /* News */,
				4D5FC7C8248B015E00A10091 /* NewsTests */,
				4D5FC7B0248B015B00A10091 /* Products */,
				DA5FDD59A1A68FA691477E76 /* Frameworks */,
				4868C19C040DF6308E059453 /* Pods */,
			);
			sourceTree = "<group>";
		};
		4D5FC7B0248B015B00A10091 /* Products */ = {
			isa = PBXGroup;
			children = (
				4D5FC7AF248B015B00A10091 /* News.app */,
				4D5FC7C5248B015D00A10091 /* NewsTests.xctest */,
			);
			name = Products;
			sourceTree = "<group>";
		};
		4D5FC7B1248B015B00A10091 /* News */ = {
			isa = PBXGroup;
			children = (
				4D5FC7B2248B015B00A10091 /* AppDelegate.swift */,
				4D5FC7B4248B015B00A10091 /* SceneDelegate.swift */,
				4D5FC7B8248B015D00A10091 /* Assets.xcassets */,
				4D5FC7BD248B015D00A10091 /* LaunchScreen.storyboard */,
				4D5FC7C0248B015D00A10091 /* Info.plist */,
				4D5FC7BA248B015D00A10091 /* Preview Content */,
				C142045FEA7A9B85F0958455 /* UI */,
				C142031AADF61CA8972D725C /* Infrastracture */,
				C14201BF88C2BBB864750DE9 /* Models */,
			);
			path = News;
			sourceTree = "<group>";
		};
		4D5FC7BA248B015D00A10091 /* Preview Content */ = {
			isa = PBXGroup;
			children = (
				4D5FC7BB248B015D00A10091 /* Preview Assets.xcassets */,
			);
			path = "Preview Content";
			sourceTree = "<group>";
		};
		4D5FC7C8248B015E00A10091 /* NewsTests */ = {
			isa = PBXGroup;
			children = (
				4D5FC7C9248B015E00A10091 /* NewsTests.swift */,
				4D5FC7CB248B015E00A10091 /* Info.plist */,
			);
			path = NewsTests;
			sourceTree = "<group>";
		};
		C14201BF88C2BBB864750DE9 /* Models */ = {
			isa = PBXGroup;
			children = (
				C1420A6800D8070A5DC14938 /* NewsApi.swift */,
				C1420738F1C6C0D6FA04416C /* Models.swift */,
			);
			path = Models;
			sourceTree = "<group>";
		};
		C142031AADF61CA8972D725C /* Infrastracture */ = {
			isa = PBXGroup;
			children = (
				C1420EC4DAE7ED7F41D1F746 /* NewsApiService.swift */,
				C142060A99406D8CDB208181 /* ImageCahe.swift */,
				C14207BE5893B17462B171E5 /* ImageLoader.swift */,
			);
			path = Infrastracture;
			sourceTree = "<group>";
		};
		C142045FEA7A9B85F0958455 /* UI */ = {
			isa = PBXGroup;
			children = (
				C1420B4F3677E659EBBCF19E /* Components */,
				C1420C7EEE6B557A6DC75955 /* Screens */,
			);
			path = UI;
			sourceTree = "<group>";
		};
		C1420B4F3677E659EBBCF19E /* Components */ = {
			isa = PBXGroup;
			children = (
				C1420C5E8989CBEE7342EC1A /* AsyncImage.swift */,
				C1420CB406368CBF607D52D7 /* SearchBar.swift */,
				C142043757FC5018607BB274 /* CardArticls.swift */,
				C1420234B7152DCBFB8CEB7D /* NewsChannel.swift */,
			);
			path = Components;
			sourceTree = "<group>";
		};
		C1420C7EEE6B557A6DC75955 /* Screens */ = {
			isa = PBXGroup;
			children = (
				C1420D45173B1C71F3C65414 /* ContentView.swift */,
				C14205A85C59612E73B58521 /* ThirdViewTab.swift */,
				C14204FA4CAF4D07782B18A1 /* FirstViewTab.swift */,
				C14203D04A9BA68C421D7EBC /* SecondViewTab.swift */,
				C142008565464536708A5F1F /* AllNewsOfChannel.swift */,
			);
			path = Screens;
			sourceTree = "<group>";
		};
		DA5FDD59A1A68FA691477E76 /* Frameworks */ = {
			isa = PBXGroup;
			children = (
				BC129FB8EEEB9DFB150E3310 /* Pods_News.framework */,
				1056056D928BA1FB92C64192 /* Pods_NewsTests.framework */,
			);
			name = Frameworks;
			sourceTree = "<group>";
		};
/* End PBXGroup section */

/* Begin PBXNativeTarget section */
		4D5FC7AE248B015B00A10091 /* News */ = {
			isa = PBXNativeTarget;
			buildConfigurationList = 4D5FC7CE248B015E00A10091 /* Build configuration list for PBXNativeTarget "News" */;
			buildPhases = (
				ACAF55079CB0DA5EC9553D6E /* [CP] Check Pods Manifest.lock */,
				4D5FC7AB248B015B00A10091 /* Sources */,
				4D5FC7AC248B015B00A10091 /* Frameworks */,
				4D5FC7AD248B015B00A10091 /* Resources */,
				E33BEF259DA3D753F7961643 /* [CP] Embed Pods Frameworks */,
			);
			buildRules = (
			);
			dependencies = (
			);
			name = News;
			productName = News;
			productReference = 4D5FC7AF248B015B00A10091 /* News.app */;
			productType = "com.apple.product-type.application";
		};
		4D5FC7C4248B015D00A10091 /* NewsTests */ = {
			isa = PBXNativeTarget;
			buildConfigurationList = 4D5FC7D1248B015E00A10091 /* Build configuration list for PBXNativeTarget "NewsTests" */;
			buildPhases = (
				28179C34A31777F2D20095EA /* [CP] Check Pods Manifest.lock */,
				4D5FC7C1248B015D00A10091 /* Sources */,
				4D5FC7C2248B015D00A10091 /* Frameworks */,
				4D5FC7C3248B015D00A10091 /* Resources */,
				4D4E9AB1F7957DB45C089AB3 /* [CP] Embed Pods Frameworks */,
			);
			buildRules = (
			);
			dependencies = (
				4D5FC7C7248B015D00A10091 /* PBXTargetDependency */,
			);
			name = NewsTests;
			productName = NewsTests;
			productReference = 4D5FC7C5248B015D00A10091 /* NewsTests.xctest */;
			productType = "com.apple.product-type.bundle.unit-test";
		};
/* End PBXNativeTarget section */

/* Begin PBXProject section */
		4D5FC7A7248B015A00A10091 /* Project object */ = {
			isa = PBXProject;
			attributes = {
				LastSwiftUpdateCheck = 1150;
				LastUpgradeCheck = 1150;
				ORGANIZATIONNAME = "Настя";
				TargetAttributes = {
					4D5FC7AE248B015B00A10091 = {
						CreatedOnToolsVersion = 11.5;
					};
					4D5FC7C4248B015D00A10091 = {
						CreatedOnToolsVersion = 11.5;
						TestTargetID = 4D5FC7AE248B015B00A10091;
					};
				};
			};
			buildConfigurationList = 4D5FC7AA248B015A00A10091 /* Build configuration list for PBXProject "News" */;
			compatibilityVersion = "Xcode 9.3";
			developmentRegion = en;
			hasScannedForEncodings = 0;
			knownRegions = (
				en,
				Base,
			);
			mainGroup = 4D5FC7A6248B015A00A10091;
			productRefGroup = 4D5FC7B0248B015B00A10091 /* Products */;
			projectDirPath = "";
			projectRoot = "";
			targets = (
				4D5FC7AE248B015B00A10091 /* News */,
				4D5FC7C4248B015D00A10091 /* NewsTests */,
			);
		};
/* End PBXProject section */

/* Begin PBXResourcesBuildPhase section */
		4D5FC7AD248B015B00A10091 /* Resources */ = {
			isa = PBXResourcesBuildPhase;
			buildActionMask = 2147483647;
			files = (
				4D5FC7BF248B015D00A10091 /* LaunchScreen.storyboard in Resources */,
				4D5FC7BC248B015D00A10091 /* Preview Assets.xcassets in Resources */,
				4D5FC7B9248B015D00A10091 /* Assets.xcassets in Resources */,
			);
			runOnlyForDeploymentPostprocessing = 0;
		};
		4D5FC7C3248B015D00A10091 /* Resources */ = {
			isa = PBXResourcesBuildPhase;
			buildActionMask = 2147483647;
			files = (
			);
			runOnlyForDeploymentPostprocessing = 0;
		};
/* End PBXResourcesBuildPhase section */

/* Begin PBXShellScriptBuildPhase section */
		28179C34A31777F2D20095EA /* [CP] Check Pods Manifest.lock */ = {
			isa = PBXShellScriptBuildPhase;
			buildActionMask = 2147483647;
			files = (
			);
			inputFileListPaths = (
			);
			inputPaths = (
				"${PODS_PODFILE_DIR_PATH}/Podfile.lock",
				"${PODS_ROOT}/Manifest.lock",
			);
			name = "[CP] Check Pods Manifest.lock";
			outputFileListPaths = (
			);
			outputPaths = (
				"$(DERIVED_FILE_DIR)/Pods-NewsTests-checkManifestLockResult.txt",
			);
			runOnlyForDeploymentPostprocessing = 0;
			shellPath = /bin/sh;
			shellScript = "diff \"${PODS_PODFILE_DIR_PATH}/Podfile.lock\" \"${PODS_ROOT}/Manifest.lock\" > /dev/null\nif [ $? != 0 ] ; then\n    # print error to STDERR\n    echo \"error: The sandbox is not in sync with the Podfile.lock. Run 'pod install' or update your CocoaPods installation.\" >&2\n    exit 1\nfi\n# This output is used by Xcode 'outputs' to avoid re-running this script phase.\necho \"SUCCESS\" > \"${SCRIPT_OUTPUT_FILE_0}\"\n";
			showEnvVarsInLog = 0;
		};
		4D4E9AB1F7957DB45C089AB3 /* [CP] Embed Pods Frameworks */ = {
			isa = PBXShellScriptBuildPhase;
			buildActionMask = 2147483647;
			files = (
			);
			inputFileListPaths = (
				"${PODS_ROOT}/Target Support Files/Pods-NewsTests/Pods-NewsTests-frameworks-${CONFIGURATION}-input-files.xcfilelist",
			);
			name = "[CP] Embed Pods Frameworks";
			outputFileListPaths = (
				"${PODS_ROOT}/Target Support Files/Pods-NewsTests/Pods-NewsTests-frameworks-${CONFIGURATION}-output-files.xcfilelist",
			);
			runOnlyForDeploymentPostprocessing = 0;
			shellPath = /bin/sh;
			shellScript = "\"${PODS_ROOT}/Target Support Files/Pods-NewsTests/Pods-NewsTests-frameworks.sh\"\n";
			showEnvVarsInLog = 0;
		};
		ACAF55079CB0DA5EC9553D6E /* [CP] Check Pods Manifest.lock */ = {
			isa = PBXShellScriptBuildPhase;
			buildActionMask = 2147483647;
			files = (
			);
			inputFileListPaths = (
			);
			inputPaths = (
				"${PODS_PODFILE_DIR_PATH}/Podfile.lock",
				"${PODS_ROOT}/Manifest.lock",
			);
			name = "[CP] Check Pods Manifest.lock";
			outputFileListPaths = (
			);
			outputPaths = (
				"$(DERIVED_FILE_DIR)/Pods-News-checkManifestLockResult.txt",
			);
			runOnlyForDeploymentPostprocessing = 0;
			shellPath = /bin/sh;
			shellScript = "diff \"${PODS_PODFILE_DIR_PATH}/Podfile.lock\" \"${PODS_ROOT}/Manifest.lock\" > /dev/null\nif [ $? != 0 ] ; then\n    # print error to STDERR\n    echo \"error: The sandbox is not in sync with the Podfile.lock. Run 'pod install' or update your CocoaPods installation.\" >&2\n    exit 1\nfi\n# This output is used by Xcode 'outputs' to avoid re-running this script phase.\necho \"SUCCESS\" > \"${SCRIPT_OUTPUT_FILE_0}\"\n";
			showEnvVarsInLog = 0;
		};
		E33BEF259DA3D753F7961643 /* [CP] Embed Pods Frameworks */ = {
			isa = PBXShellScriptBuildPhase;
			buildActionMask = 2147483647;
			files = (
			);
			inputFileListPaths = (
				"${PODS_ROOT}/Target Support Files/Pods-News/Pods-News-frameworks-${CONFIGURATION}-input-files.xcfilelist",
			);
			name = "[CP] Embed Pods Frameworks";
			outputFileListPaths = (
				"${PODS_ROOT}/Target Support Files/Pods-News/Pods-News-frameworks-${CONFIGURATION}-output-files.xcfilelist",
			);
			runOnlyForDeploymentPostprocessing = 0;
			shellPath = /bin/sh;
			shellScript = "\"${PODS_ROOT}/Target Support Files/Pods-News/Pods-News-frameworks.sh\"\n";
			showEnvVarsInLog = 0;
		};
/* End PBXShellScriptBuildPhase section */

/* Begin PBXSourcesBuildPhase section */
		4D5FC7AB248B015B00A10091 /* Sources */ = {
			isa = PBXSourcesBuildPhase;
			buildActionMask = 2147483647;
			files = (
				4D5FC7B3248B015B00A10091 /* AppDelegate.swift in Sources */,
				4D5FC7B5248B015B00A10091 /* SceneDelegate.swift in Sources */,
				C1420B89EC963BFA85121735 /* ContentView.swift in Sources */,
				C142035CD632A3C2C35EFF72 /* ThirdViewTab.swift in Sources */,
				C14200F813EB34B5BDEB5ABF /* FirstViewTab.swift in Sources */,
				C1420174B6DE9C0B6F7B855F /* SecondViewTab.swift in Sources */,
				C14208286A2D6BCAE1B6B223 /* AllNewsOfChannel.swift in Sources */,
				C1420F067D8C05967D458CB0 /* AsyncImage.swift in Sources */,
				C1420534532C912172AF3A99 /* SearchBar.swift in Sources */,
				C1420000231AD5519FABC2AB /* NewsApi.swift in Sources */,
				C14206D9BFF665E09998E344 /* NewsApiService.swift in Sources */,
				C1420B9075348E6828F55964 /* CardArticls.swift in Sources */,
				C1420A2895530C0D129185D1 /* ImageCahe.swift in Sources */,
				C1420EA92FB806D4009C9D88 /* ImageLoader.swift in Sources */,
				C14205AB04B2334A1C44A4CA /* NewsChannel.swift in Sources */,
				C142075A5355E550E1054019 /* Models.swift in Sources */,
			);
			runOnlyForDeploymentPostprocessing = 0;
		};
		4D5FC7C1248B015D00A10091 /* Sources */ = {
			isa = PBXSourcesBuildPhase;
			buildActionMask = 2147483647;
			files = (
				4D5FC7CA248B015E00A10091 /* NewsTests.swift in Sources */,
			);
			runOnlyForDeploymentPostprocessing = 0;
		};
/* End PBXSourcesBuildPhase section */

/* Begin PBXTargetDependency section */
		4D5FC7C7248B015D00A10091 /* PBXTargetDependency */ = {
			isa = PBXTargetDependency;
			target = 4D5FC7AE248B015B00A10091 /* News */;
			targetProxy = 4D5FC7C6248B015D00A10091 /* PBXContainerItemProxy */;
		};
/* End PBXTargetDependency section */

/* Begin PBXVariantGroup section */
		4D5FC7BD248B015D00A10091 /* LaunchScreen.storyboard */ = {
			isa = PBXVariantGroup;
			children = (
				4D5FC7BE248B015D00A10091 /* Base */,
			);
			name = LaunchScreen.storyboard;
			sourceTree = "<group>";
		};
/* End PBXVariantGroup section */

/* Begin XCBuildConfiguration section */
		4D5FC7CC248B015E00A10091 /* Debug */ = {
			isa = XCBuildConfiguration;
			buildSettings = {
				ALWAYS_SEARCH_USER_PATHS = NO;
				CLANG_ANALYZER_NONNULL = YES;
				CLANG_ANALYZER_NUMBER_OBJECT_CONVERSION = YES_AGGRESSIVE;
				CLANG_CXX_LANGUAGE_STANDARD = "gnu++14";
				CLANG_CXX_LIBRARY = "libc++";
				CLANG_ENABLE_MODULES = YES;
				CLANG_ENABLE_OBJC_ARC = YES;
				CLANG_ENABLE_OBJC_WEAK = YES;
				CLANG_WARN_BLOCK_CAPTURE_AUTORELEASING = YES;
				CLANG_WARN_BOOL_CONVERSION = YES;
				CLANG_WARN_COMMA = YES;
				CLANG_WARN_CONSTANT_CONVERSION = YES;
				CLANG_WARN_DEPRECATED_OBJC_IMPLEMENTATIONS = YES;
				CLANG_WARN_DIRECT_OBJC_ISA_USAGE = YES_ERROR;
				CLANG_WARN_DOCUMENTATION_COMMENTS = YES;
				CLANG_WARN_EMPTY_BODY = YES;
				CLANG_WARN_ENUM_CONVERSION = YES;
				CLANG_WARN_INFINITE_RECURSION = YES;
				CLANG_WARN_INT_CONVERSION = YES;
				CLANG_WARN_NON_LITERAL_NULL_CONVERSION = YES;
				CLANG_WARN_OBJC_IMPLICIT_RETAIN_SELF = YES;
				CLANG_WARN_OBJC_LITERAL_CONVERSION = YES;
				CLANG_WARN_OBJC_ROOT_CLASS = YES_ERROR;
				CLANG_WARN_RANGE_LOOP_ANALYSIS = YES;
				CLANG_WARN_STRICT_PROTOTYPES = YES;
				CLANG_WARN_SUSPICIOUS_MOVE = YES;
				CLANG_WARN_UNGUARDED_AVAILABILITY = YES_AGGRESSIVE;
				CLANG_WARN_UNREACHABLE_CODE = YES;
				CLANG_WARN__DUPLICATE_METHOD_MATCH = YES;
				COPY_PHASE_STRIP = NO;
				DEBUG_INFORMATION_FORMAT = dwarf;
				ENABLE_STRICT_OBJC_MSGSEND = YES;
				ENABLE_TESTABILITY = YES;
				GCC_C_LANGUAGE_STANDARD = gnu11;
				GCC_DYNAMIC_NO_PIC = NO;
				GCC_NO_COMMON_BLOCKS = YES;
				GCC_OPTIMIZATION_LEVEL = 0;
				GCC_PREPROCESSOR_DEFINITIONS = (
					"DEBUG=1",
					"$(inherited)",
				);
				GCC_WARN_64_TO_32_BIT_CONVERSION = YES;
				GCC_WARN_ABOUT_RETURN_TYPE = YES_ERROR;
				GCC_WARN_UNDECLARED_SELECTOR = YES;
				GCC_WARN_UNINITIALIZED_AUTOS = YES_AGGRESSIVE;
				GCC_WARN_UNUSED_FUNCTION = YES;
				GCC_WARN_UNUSED_VARIABLE = YES;
				IPHONEOS_DEPLOYMENT_TARGET = 13.5;
				MTL_ENABLE_DEBUG_INFO = INCLUDE_SOURCE;
				MTL_FAST_MATH = YES;
				ONLY_ACTIVE_ARCH = YES;
				SDKROOT = iphoneos;
				SWIFT_ACTIVE_COMPILATION_CONDITIONS = DEBUG;
				SWIFT_OPTIMIZATION_LEVEL = "-Onone";
			};
			name = Debug;
		};
		4D5FC7CD248B015E00A10091 /* Release */ = {
			isa = XCBuildConfiguration;
			buildSettings = {
				ALWAYS_SEARCH_USER_PATHS = NO;
				CLANG_ANALYZER_NONNULL = YES;
				CLANG_ANALYZER_NUMBER_OBJECT_CONVERSION = YES_AGGRESSIVE;
				CLANG_CXX_LANGUAGE_STANDARD = "gnu++14";
				CLANG_CXX_LIBRARY = "libc++";
				CLANG_ENABLE_MODULES = YES;
				CLANG_ENABLE_OBJC_ARC = YES;
				CLANG_ENABLE_OBJC_WEAK = YES;
				CLANG_WARN_BLOCK_CAPTURE_AUTORELEASING = YES;
				CLANG_WARN_BOOL_CONVERSION = YES;
				CLANG_WARN_COMMA = YES;
				CLANG_WARN_CONSTANT_CONVERSION = YES;
				CLANG_WARN_DEPRECATED_OBJC_IMPLEMENTATIONS = YES;
				CLANG_WARN_DIRECT_OBJC_ISA_USAGE = YES_ERROR;
				CLANG_WARN_DOCUMENTATION_COMMENTS = YES;
				CLANG_WARN_EMPTY_BODY = YES;
				CLANG_WARN_ENUM_CONVERSION = YES;
				CLANG_WARN_INFINITE_RECURSION = YES;
				CLANG_WARN_INT_CONVERSION = YES;
				CLANG_WARN_NON_LITERAL_NULL_CONVERSION = YES;
				CLANG_WARN_OBJC_IMPLICIT_RETAIN_SELF = YES;
				CLANG_WARN_OBJC_LITERAL_CONVERSION = YES;
				CLANG_WARN_OBJC_ROOT_CLASS = YES_ERROR;
				CLANG_WARN_RANGE_LOOP_ANALYSIS = YES;
				CLANG_WARN_STRICT_PROTOTYPES = YES;
				CLANG_WARN_SUSPICIOUS_MOVE = YES;
				CLANG_WARN_UNGUARDED_AVAILABILITY = YES_AGGRESSIVE;
				CLANG_WARN_UNREACHABLE_CODE = YES;
				CLANG_WARN__DUPLICATE_METHOD_MATCH = YES;
				COPY_PHASE_STRIP = NO;
				DEBUG_INFORMATION_FORMAT = "dwarf-with-dsym";
				ENABLE_NS_ASSERTIONS = NO;
				ENABLE_STRICT_OBJC_MSGSEND = YES;
				GCC_C_LANGUAGE_STANDARD = gnu11;
				GCC_NO_COMMON_BLOCKS = YES;
				GCC_WARN_64_TO_32_BIT_CONVERSION = YES;
				GCC_WARN_ABOUT_RETURN_TYPE = YES_ERROR;
				GCC_WARN_UNDECLARED_SELECTOR = YES;
				GCC_WARN_UNINITIALIZED_AUTOS = YES_AGGRESSIVE;
				GCC_WARN_UNUSED_FUNCTION = YES;
				GCC_WARN_UNUSED_VARIABLE = YES;
				IPHONEOS_DEPLOYMENT_TARGET = 13.5;
				MTL_ENABLE_DEBUG_INFO = NO;
				MTL_FAST_MATH = YES;
				SDKROOT = iphoneos;
				SWIFT_COMPILATION_MODE = wholemodule;
				SWIFT_OPTIMIZATION_LEVEL = "-O";
				VALIDATE_PRODUCT = YES;
			};
			name = Release;
		};
		4D5FC7CF248B015E00A10091 /* Debug */ = {
			isa = XCBuildConfiguration;
			baseConfigurationReference = C3E302332A725CC2E2783499 /* Pods-News.debug.xcconfig */;
			buildSettings = {
				ASSETCATALOG_COMPILER_APPICON_NAME = AppIcon;
				CODE_SIGN_STYLE = Automatic;
				DEVELOPMENT_ASSET_PATHS = "\"News/Preview Content\"";
				ENABLE_PREVIEWS = YES;
				INFOPLIST_FILE = News/Info.plist;
				LD_RUNPATH_SEARCH_PATHS = (
					"$(inherited)",
					"@executable_path/Frameworks",
				);
				PRODUCT_BUNDLE_IDENTIFIER = "-.News";
				PRODUCT_NAME = "$(TARGET_NAME)";
				SWIFT_VERSION = 5.0;
				TARGETED_DEVICE_FAMILY = "1,2";
			};
			name = Debug;
		};
		4D5FC7D0248B015E00A10091 /* Release */ = {
			isa = XCBuildConfiguration;
			baseConfigurationReference = 6AF8EBC3979458E10EDFB612 /* Pods-News.release.xcconfig */;
			buildSettings = {
				ASSETCATALOG_COMPILER_APPICON_NAME = AppIcon;
				CODE_SIGN_STYLE = Automatic;
				DEVELOPMENT_ASSET_PATHS = "\"News/Preview Content\"";
				ENABLE_PREVIEWS = YES;
				INFOPLIST_FILE = News/Info.plist;
				LD_RUNPATH_SEARCH_PATHS = (
					"$(inherited)",
					"@executable_path/Frameworks",
				);
				PRODUCT_BUNDLE_IDENTIFIER = "-.News";
				PRODUCT_NAME = "$(TARGET_NAME)";
				SWIFT_VERSION = 5.0;
				TARGETED_DEVICE_FAMILY = "1,2";
			};
			name = Release;
		};
		4D5FC7D2248B015E00A10091 /* Debug */ = {
			isa = XCBuildConfiguration;
			baseConfigurationReference = 2CEA1AD0CE46E26D7E5D91FD /* Pods-NewsTests.debug.xcconfig */;
			buildSettings = {
				ALWAYS_EMBED_SWIFT_STANDARD_LIBRARIES = YES;
				BUNDLE_LOADER = "$(TEST_HOST)";
				CODE_SIGN_STYLE = Automatic;
				INFOPLIST_FILE = NewsTests/Info.plist;
				IPHONEOS_DEPLOYMENT_TARGET = 13.5;
				LD_RUNPATH_SEARCH_PATHS = (
					"$(inherited)",
					"@executable_path/Frameworks",
					"@loader_path/Frameworks",
				);
				PRODUCT_BUNDLE_IDENTIFIER = "-.NewsTests";
				PRODUCT_NAME = "$(TARGET_NAME)";
				SWIFT_VERSION = 5.0;
				TARGETED_DEVICE_FAMILY = "1,2";
				TEST_HOST = "$(BUILT_PRODUCTS_DIR)/News.app/News";
			};
			name = Debug;
		};
		4D5FC7D3248B015E00A10091 /* Release */ = {
			isa = XCBuildConfiguration;
			baseConfigurationReference = A7E8100C129C42BCC5226F9D /* Pods-NewsTests.release.xcconfig */;
			buildSettings = {
				ALWAYS_EMBED_SWIFT_STANDARD_LIBRARIES = YES;
				BUNDLE_LOADER = "$(TEST_HOST)";
				CODE_SIGN_STYLE = Automatic;
				INFOPLIST_FILE = NewsTests/Info.plist;
				IPHONEOS_DEPLOYMENT_TARGET = 13.5;
				LD_RUNPATH_SEARCH_PATHS = (
					"$(inherited)",
					"@executable_path/Frameworks",
					"@loader_path/Frameworks",
				);
				PRODUCT_BUNDLE_IDENTIFIER = "-.NewsTests";
				PRODUCT_NAME = "$(TARGET_NAME)";
				SWIFT_VERSION = 5.0;
				TARGETED_DEVICE_FAMILY = "1,2";
				TEST_HOST = "$(BUILT_PRODUCTS_DIR)/News.app/News";
			};
			name = Release;
		};
/* End XCBuildConfiguration section */

/* Begin XCConfigurationList section */
		4D5FC7AA248B015A00A10091 /* Build configuration list for PBXProject "News" */ = {
			isa = XCConfigurationList;
			buildConfigurations = (
				4D5FC7CC248B015E00A10091 /* Debug */,
				4D5FC7CD248B015E00A10091 /* Release */,
			);
			defaultConfigurationIsVisible = 0;
			defaultConfigurationName = Release;
		};
		4D5FC7CE248B015E00A10091 /* Build configuration list for PBXNativeTarget "News" */ = {
			isa = XCConfigurationList;
			buildConfigurations = (
				4D5FC7CF248B015E00A10091 /* Debug */,
				4D5FC7D0248B015E00A10091 /* Release */,
			);
			defaultConfigurationIsVisible = 0;
			defaultConfigurationName = Release;
		};
		4D5FC7D1248B015E00A10091 /* Build configuration list for PBXNativeTarget "NewsTests" */ = {
			isa = XCConfigurationList;
			buildConfigurations = (
				4D5FC7D2248B015E00A10091 /* Debug */,
				4D5FC7D3248B015E00A10091 /* Release */,
			);
			defaultConfigurationIsVisible = 0;
			defaultConfigurationName = Release;
		};
/* End XCConfigurationList section */
	};
	rootObject = 4D5FC7A7248B015A00A10091 /* Project object */;
}
