// !$*UTF8*$!
{
	archiveVersion = 1;
	classes = {
	};
	objectVersion = 50;
	objects = {

/* Begin PBXBuildFile section */
		4D5FC7B3248B015B00A10091 /* AppDelegate.swift in Sources */ = {isa = PBXBuildFile; fileRef = 4D5FC7B2248B015B00A10091 /* AppDelegate.swift */; };
		4D5FC7B5248B015B00A10091 /* SceneDelegate.swift in Sources */ = {isa = PBXBuildFile; fileRef = 4D5FC7B4248B015B00A10091 /* SceneDelegate.swift */; };
		4D5FC7B7248B015B00A10091 /* ContentView.swift in Sources */ = {isa = PBXBuildFile; fileRef = 4D5FC7B6248B015B00A10091 /* ContentView.swift */; };
		4D5FC7B9248B015D00A10091 /* Assets.xcassets in Resources */ = {isa = PBXBuildFile; fileRef = 4D5FC7B8248B015D00A10091 /* Assets.xcassets */; };
		4D5FC7BC248B015D00A10091 /* Preview Assets.xcassets in Resources */ = {isa = PBXBuildFile; fileRef = 4D5FC7BB248B015D00A10091 /* Preview Assets.xcassets */; };
		4D5FC7BF248B015D00A10091 /* LaunchScreen.storyboard in Resources */ = {isa = PBXBuildFile; fileRef = 4D5FC7BD248B015D00A10091 /* LaunchScreen.storyboard */; };
		4D5FC7CA248B015E00A10091 /* NewsTests.swift in Sources */ = {isa = PBXBuildFile; fileRef = 4D5FC7C9248B015E00A10091 /* NewsTests.swift */; };
		4DA47B38248EA79F00A42CD3 /* AsyncImage.swift in Sources */ = {isa = PBXBuildFile; fileRef = 4DA47B37248EA79F00A42CD3 /* AsyncImage.swift */; };
		C14203914CB6F324C954D204 /* secondViewTab.swift in Sources */ = {isa = PBXBuildFile; fileRef = C1420E2D6FDCD7F724257C0C /* secondViewTab.swift */; };
		C14203965C17D199896FD179 /* searchBar.swift in Sources */ = {isa = PBXBuildFile; fileRef = C1420793CBC46D713639F0F8 /* searchBar.swift */; };
		C142044BC1B0CB69240A53B0 /* allNews.swift in Sources */ = {isa = PBXBuildFile; fileRef = C1420C0F845FE53E2EAA2624 /* allNews.swift */; };
		C1420671A122B3B10C0D7EF8 /* firstViewTab.swift in Sources */ = {isa = PBXBuildFile; fileRef = C14207E165CAC878E7599A93 /* firstViewTab.swift */; };
		C1420E657C474F23C94FC94D /* thirdViewTab.swift in Sources */ = {isa = PBXBuildFile; fileRef = C1420DE43198B5CEE429CCD6 /* thirdViewTab.swift */; };
/* End PBXBuildFile section */

/* Begin PBXContainerItemProxy section */
		4D5FC7C6248B015D00A10091 /* PBXContainerItemProxy */ = {
			isa = PBXContainerItemProxy;
			containerPortal = 4D5FC7A7248B015A00A10091 /* Project object */;
			proxyType = 1;
			remoteGlobalIDString = 4D5FC7AE248B015B00A10091;
			remoteInfo = News;
		};
/* End PBXContainerItemProxy section */

/* Begin PBXFileReference section */
		4D5FC7AF248B015B00A10091 /* News.app */ = {isa = PBXFileReference; explicitFileType = wrapper.application; includeInIndex = 0; path = News.app; sourceTree = BUILT_PRODUCTS_DIR; };
		4D5FC7B2248B015B00A10091 /* AppDelegate.swift */ = {isa = PBXFileReference; lastKnownFileType = sourcecode.swift; path = AppDelegate.swift; sourceTree = "<group>"; };
		4D5FC7B4248B015B00A10091 /* SceneDelegate.swift */ = {isa = PBXFileReference; lastKnownFileType = sourcecode.swift; path = SceneDelegate.swift; sourceTree = "<group>"; };
		4D5FC7B6248B015B00A10091 /* ContentView.swift */ = {isa = PBXFileReference; lastKnownFileType = sourcecode.swift; path = ContentView.swift; sourceTree = "<group>"; };
		4D5FC7B8248B015D00A10091 /* Assets.xcassets */ = {isa = PBXFileReference; lastKnownFileType = folder.assetcatalog; path = Assets.xcassets; sourceTree = "<group>"; };
		4D5FC7BB248B015D00A10091 /* Preview Assets.xcassets */ = {isa = PBXFileReference; lastKnownFileType = folder.assetcatalog; path = "Preview Assets.xcassets"; sourceTree = "<group>"; };
		4D5FC7BE248B015D00A10091 /* Base */ = {isa = PBXFileReference; lastKnownFileType = file.storyboard; name = Base; path = Base.lproj/LaunchScreen.storyboard; sourceTree = "<group>"; };
		4D5FC7C0248B015D00A10091 /* Info.plist */ = {isa = PBXFileReference; lastKnownFileType = text.plist.xml; path = Info.plist; sourceTree = "<group>"; };
		4D5FC7C5248B015D00A10091 /* NewsTests.xctest */ = {isa = PBXFileReference; explicitFileType = wrapper.cfbundle; includeInIndex = 0; path = NewsTests.xctest; sourceTree = BUILT_PRODUCTS_DIR; };
		4D5FC7C9248B015E00A10091 /* NewsTests.swift */ = {isa = PBXFileReference; lastKnownFileType = sourcecode.swift; path = NewsTests.swift; sourceTree = "<group>"; };
		4D5FC7CB248B015E00A10091 /* Info.plist */ = {isa = PBXFileReference; lastKnownFileType = text.plist.xml; path = Info.plist; sourceTree = "<group>"; };
		4DA47B37248EA79F00A42CD3 /* AsyncImage.swift */ = {isa = PBXFileReference; lastKnownFileType = sourcecode.swift; path = AsyncImage.swift; sourceTree = "<group>"; };
		C1420793CBC46D713639F0F8 /* searchBar.swift */ = {isa = PBXFileReference; fileEncoding = 4; lastKnownFileType = sourcecode.swift; path = searchBar.swift; sourceTree = "<group>"; };
		C14207E165CAC878E7599A93 /* firstViewTab.swift */ = {isa = PBXFileReference; fileEncoding = 4; lastKnownFileType = sourcecode.swift; path = firstViewTab.swift; sourceTree = "<group>"; };
		C1420C0F845FE53E2EAA2624 /* allNews.swift */ = {isa = PBXFileReference; fileEncoding = 4; lastKnownFileType = sourcecode.swift; path = allNews.swift; sourceTree = "<group>"; };
		C1420DE43198B5CEE429CCD6 /* thirdViewTab.swift */ = {isa = PBXFileReference; fileEncoding = 4; lastKnownFileType = sourcecode.swift; path = thirdViewTab.swift; sourceTree = "<group>"; };
		C1420E2D6FDCD7F724257C0C /* secondViewTab.swift */ = {isa = PBXFileReference; fileEncoding = 4; lastKnownFileType = sourcecode.swift; path = secondViewTab.swift; sourceTree = "<group>"; };
/* End PBXFileReference section */

/* Begin PBXFrameworksBuildPhase section */
		4D5FC7AC248B015B00A10091 /* Frameworks */ = {
			isa = PBXFrameworksBuildPhase;
			buildActionMask = 2147483647;
			files = (
			);
			runOnlyForDeploymentPostprocessing = 0;
		};
		4D5FC7C2248B015D00A10091 /* Frameworks */ = {
			isa = PBXFrameworksBuildPhase;
			buildActionMask = 2147483647;
			files = (
			);
			runOnlyForDeploymentPostprocessing = 0;
		};
/* End PBXFrameworksBuildPhase section */

/* Begin PBXGroup section */
		4D5FC7A6248B015A00A10091 = {
			isa = PBXGroup;
			children = (
				4D5FC7B1248B015B00A10091 /* News */,
				4D5FC7C8248B015E00A10091 /* NewsTests */,
				4D5FC7B0248B015B00A10091 /* Products */,
			);
			sourceTree = "<group>";
		};
		4D5FC7B0248B015B00A10091 /* Products */ = {
			isa = PBXGroup;
			children = (
				4D5FC7AF248B015B00A10091 /* News.app */,
				4D5FC7C5248B015D00A10091 /* NewsTests.xctest */,
			);
			name = Products;
			sourceTree = "<group>";
		};
		4D5FC7B1248B015B00A10091 /* News */ = {
			isa = PBXGroup;
			children = (
				4D5FC7B2248B015B00A10091 /* AppDelegate.swift */,
				4D5FC7B4248B015B00A10091 /* SceneDelegate.swift */,
				4D5FC7B6248B015B00A10091 /* ContentView.swift */,
				4D5FC7B8248B015D00A10091 /* Assets.xcassets */,
				4D5FC7BD248B015D00A10091 /* LaunchScreen.storyboard */,
				4D5FC7C0248B015D00A10091 /* Info.plist */,
				4D5FC7BA248B015D00A10091 /* Preview Content */,
				C14207E165CAC878E7599A93 /* firstViewTab.swift */,
				C1420E2D6FDCD7F724257C0C /* secondViewTab.swift */,
				C1420DE43198B5CEE429CCD6 /* thirdViewTab.swift */,
				C1420C0F845FE53E2EAA2624 /* allNews.swift */,
				C1420793CBC46D713639F0F8 /* searchBar.swift */,
				4DA47B37248EA79F00A42CD3 /* AsyncImage.swift */,
			);
			path = News;
			sourceTree = "<group>";
		};
		4D5FC7BA248B015D00A10091 /* Preview Content */ = {
			isa = PBXGroup;
			children = (
				4D5FC7BB248B015D00A10091 /* Preview Assets.xcassets */,
			);
			path = "Preview Content";
			sourceTree = "<group>";
		};
		4D5FC7C8248B015E00A10091 /* NewsTests */ = {
			isa = PBXGroup;
			children = (
				4D5FC7C9248B015E00A10091 /* NewsTests.swift */,
				4D5FC7CB248B015E00A10091 /* Info.plist */,
			);
			path = NewsTests;
			sourceTree = "<group>";
		};
/* End PBXGroup section */

/* Begin PBXNativeTarget section */
		4D5FC7AE248B015B00A10091 /* News */ = {
			isa = PBXNativeTarget;
			buildConfigurationList = 4D5FC7CE248B015E00A10091 /* Build configuration list for PBXNativeTarget "News" */;
			buildPhases = (
				4D5FC7AB248B015B00A10091 /* Sources */,
				4D5FC7AC248B015B00A10091 /* Frameworks */,
				4D5FC7AD248B015B00A10091 /* Resources */,
			);
			buildRules = (
			);
			dependencies = (
			);
			name = News;
			productName = News;
			productReference = 4D5FC7AF248B015B00A10091 /* News.app */;
			productType = "com.apple.product-type.application";
		};
		4D5FC7C4248B015D00A10091 /* NewsTests */ = {
			isa = PBXNativeTarget;
			buildConfigurationList = 4D5FC7D1248B015E00A10091 /* Build configuration list for PBXNativeTarget "NewsTests" */;
			buildPhases = (
				4D5FC7C1248B015D00A10091 /* Sources */,
				4D5FC7C2248B015D00A10091 /* Frameworks */,
				4D5FC7C3248B015D00A10091 /* Resources */,
			);
			buildRules = (
			);
			dependencies = (
				4D5FC7C7248B015D00A10091 /* PBXTargetDependency */,
			);
			name = NewsTests;
			productName = NewsTests;
			productReference = 4D5FC7C5248B015D00A10091 /* NewsTests.xctest */;
			productType = "com.apple.product-type.bundle.unit-test";
		};
/* End PBXNativeTarget section */

/* Begin PBXProject section */
		4D5FC7A7248B015A00A10091 /* Project object */ = {
			isa = PBXProject;
			attributes = {
				LastSwiftUpdateCheck = 1150;
				LastUpgradeCheck = 1150;
				ORGANIZATIONNAME = "Настя";
				TargetAttributes = {
					4D5FC7AE248B015B00A10091 = {
						CreatedOnToolsVersion = 11.5;
					};
					4D5FC7C4248B015D00A10091 = {
						CreatedOnToolsVersion = 11.5;
						TestTargetID = 4D5FC7AE248B015B00A10091;
					};
				};
			};
			buildConfigurationList = 4D5FC7AA248B015A00A10091 /* Build configuration list for PBXProject "News" */;
			compatibilityVersion = "Xcode 9.3";
			developmentRegion = en;
			hasScannedForEncodings = 0;
			knownRegions = (
				en,
				Base,
			);
			mainGroup = 4D5FC7A6248B015A00A10091;
			productRefGroup = 4D5FC7B0248B015B00A10091 /* Products */;
			projectDirPath = "";
			projectRoot = "";
			targets = (
				4D5FC7AE248B015B00A10091 /* News */,
				4D5FC7C4248B015D00A10091 /* NewsTests */,
			);
		};
/* End PBXProject section */

/* Begin PBXResourcesBuildPhase section */
		4D5FC7AD248B015B00A10091 /* Resources */ = {
			isa = PBXResourcesBuildPhase;
			buildActionMask = 2147483647;
			files = (
				4D5FC7BF248B015D00A10091 /* LaunchScreen.storyboard in Resources */,
				4D5FC7BC248B015D00A10091 /* Preview Assets.xcassets in Resources */,
				4D5FC7B9248B015D00A10091 /* Assets.xcassets in Resources */,
			);
			runOnlyForDeploymentPostprocessing = 0;
		};
		4D5FC7C3248B015D00A10091 /* Resources */ = {
			isa = PBXResourcesBuildPhase;
			buildActionMask = 2147483647;
			files = (
			);
			runOnlyForDeploymentPostprocessing = 0;
		};
/* End PBXResourcesBuildPhase section */

/* Begin PBXSourcesBuildPhase section */
		4D5FC7AB248B015B00A10091 /* Sources */ = {
			isa = PBXSourcesBuildPhase;
			buildActionMask = 2147483647;
			files = (
				4D5FC7B3248B015B00A10091 /* AppDelegate.swift in Sources */,
				4DA47B38248EA79F00A42CD3 /* AsyncImage.swift in Sources */,
				4D5FC7B5248B015B00A10091 /* SceneDelegate.swift in Sources */,
				4D5FC7B7248B015B00A10091 /* ContentView.swift in Sources */,
				C1420671A122B3B10C0D7EF8 /* firstViewTab.swift in Sources */,
				C14203914CB6F324C954D204 /* secondViewTab.swift in Sources */,
				C1420E657C474F23C94FC94D /* thirdViewTab.swift in Sources */,
				C142044BC1B0CB69240A53B0 /* allNews.swift in Sources */,
				C14203965C17D199896FD179 /* searchBar.swift in Sources */,
			);
			runOnlyForDeploymentPostprocessing = 0;
		};
		4D5FC7C1248B015D00A10091 /* Sources */ = {
			isa = PBXSourcesBuildPhase;
			buildActionMask = 2147483647;
			files = (
				4D5FC7CA248B015E00A10091 /* NewsTests.swift in Sources */,
			);
			runOnlyForDeploymentPostprocessing = 0;
		};
/* End PBXSourcesBuildPhase section */

/* Begin PBXTargetDependency section */
		4D5FC7C7248B015D00A10091 /* PBXTargetDependency */ = {
			isa = PBXTargetDependency;
			target = 4D5FC7AE248B015B00A10091 /* News */;
			targetProxy = 4D5FC7C6248B015D00A10091 /* PBXContainerItemProxy */;
		};
/* End PBXTargetDependency section */

/* Begin PBXVariantGroup section */
		4D5FC7BD248B015D00A10091 /* LaunchScreen.storyboard */ = {
			isa = PBXVariantGroup;
			children = (
				4D5FC7BE248B015D00A10091 /* Base */,
			);
			name = LaunchScreen.storyboard;
			sourceTree = "<group>";
		};
/* End PBXVariantGroup section */

/* Begin XCBuildConfiguration section */
		4D5FC7CC248B015E00A10091 /* Debug */ = {
			isa = XCBuildConfiguration;
			buildSettings = {
				ALWAYS_SEARCH_USER_PATHS = NO;
				CLANG_ANALYZER_NONNULL = YES;
				CLANG_ANALYZER_NUMBER_OBJECT_CONVERSION = YES_AGGRESSIVE;
				CLANG_CXX_LANGUAGE_STANDARD = "gnu++14";
				CLANG_CXX_LIBRARY = "libc++";
				CLANG_ENABLE_MODULES = YES;
				CLANG_ENABLE_OBJC_ARC = YES;
				CLANG_ENABLE_OBJC_WEAK = YES;
				CLANG_WARN_BLOCK_CAPTURE_AUTORELEASING = YES;
				CLANG_WARN_BOOL_CONVERSION = YES;
				CLANG_WARN_COMMA = YES;
				CLANG_WARN_CONSTANT_CONVERSION = YES;
				CLANG_WARN_DEPRECATED_OBJC_IMPLEMENTATIONS = YES;
				CLANG_WARN_DIRECT_OBJC_ISA_USAGE = YES_ERROR;
				CLANG_WARN_DOCUMENTATION_COMMENTS = YES;
				CLANG_WARN_EMPTY_BODY = YES;
				CLANG_WARN_ENUM_CONVERSION = YES;
				CLANG_WARN_INFINITE_RECURSION = YES;
				CLANG_WARN_INT_CONVERSION = YES;
				CLANG_WARN_NON_LITERAL_NULL_CONVERSION = YES;
				CLANG_WARN_OBJC_IMPLICIT_RETAIN_SELF = YES;
				CLANG_WARN_OBJC_LITERAL_CONVERSION = YES;
				CLANG_WARN_OBJC_ROOT_CLASS = YES_ERROR;
				CLANG_WARN_RANGE_LOOP_ANALYSIS = YES;
				CLANG_WARN_STRICT_PROTOTYPES = YES;
				CLANG_WARN_SUSPICIOUS_MOVE = YES;
				CLANG_WARN_UNGUARDED_AVAILABILITY = YES_AGGRESSIVE;
				CLANG_WARN_UNREACHABLE_CODE = YES;
				CLANG_WARN__DUPLICATE_METHOD_MATCH = YES;
				COPY_PHASE_STRIP = NO;
				DEBUG_INFORMATION_FORMAT = dwarf;
				ENABLE_STRICT_OBJC_MSGSEND = YES;
				ENABLE_TESTABILITY = YES;
				GCC_C_LANGUAGE_STANDARD = gnu11;
				GCC_DYNAMIC_NO_PIC = NO;
				GCC_NO_COMMON_BLOCKS = YES;
				GCC_OPTIMIZATION_LEVEL = 0;
				GCC_PREPROCESSOR_DEFINITIONS = (
					"DEBUG=1",
					"$(inherited)",
				);
				GCC_WARN_64_TO_32_BIT_CONVERSION = YES;
				GCC_WARN_ABOUT_RETURN_TYPE = YES_ERROR;
				GCC_WARN_UNDECLARED_SELECTOR = YES;
				GCC_WARN_UNINITIALIZED_AUTOS = YES_AGGRESSIVE;
				GCC_WARN_UNUSED_FUNCTION = YES;
				GCC_WARN_UNUSED_VARIABLE = YES;
				IPHONEOS_DEPLOYMENT_TARGET = 13.5;
				MTL_ENABLE_DEBUG_INFO = INCLUDE_SOURCE;
				MTL_FAST_MATH = YES;
				ONLY_ACTIVE_ARCH = YES;
				SDKROOT = iphoneos;
				SWIFT_ACTIVE_COMPILATION_CONDITIONS = DEBUG;
				SWIFT_OPTIMIZATION_LEVEL = "-Onone";
			};
			name = Debug;
		};
		4D5FC7CD248B015E00A10091 /* Release */ = {
			isa = XCBuildConfiguration;
			buildSettings = {
				ALWAYS_SEARCH_USER_PATHS = NO;
				CLANG_ANALYZER_NONNULL = YES;
				CLANG_ANALYZER_NUMBER_OBJECT_CONVERSION = YES_AGGRESSIVE;
				CLANG_CXX_LANGUAGE_STANDARD = "gnu++14";
				CLANG_CXX_LIBRARY = "libc++";
				CLANG_ENABLE_MODULES = YES;
				CLANG_ENABLE_OBJC_ARC = YES;
				CLANG_ENABLE_OBJC_WEAK = YES;
				CLANG_WARN_BLOCK_CAPTURE_AUTORELEASING = YES;
				CLANG_WARN_BOOL_CONVERSION = YES;
				CLANG_WARN_COMMA = YES;
				CLANG_WARN_CONSTANT_CONVERSION = YES;
				CLANG_WARN_DEPRECATED_OBJC_IMPLEMENTATIONS = YES;
				CLANG_WARN_DIRECT_OBJC_ISA_USAGE = YES_ERROR;
				CLANG_WARN_DOCUMENTATION_COMMENTS = YES;
				CLANG_WARN_EMPTY_BODY = YES;
				CLANG_WARN_ENUM_CONVERSION = YES;
				CLANG_WARN_INFINITE_RECURSION = YES;
				CLANG_WARN_INT_CONVERSION = YES;
				CLANG_WARN_NON_LITERAL_NULL_CONVERSION = YES;
				CLANG_WARN_OBJC_IMPLICIT_RETAIN_SELF = YES;
				CLANG_WARN_OBJC_LITERAL_CONVERSION = YES;
				CLANG_WARN_OBJC_ROOT_CLASS = YES_ERROR;
				CLANG_WARN_RANGE_LOOP_ANALYSIS = YES;
				CLANG_WARN_STRICT_PROTOTYPES = YES;
				CLANG_WARN_SUSPICIOUS_MOVE = YES;
				CLANG_WARN_UNGUARDED_AVAILABILITY = YES_AGGRESSIVE;
				CLANG_WARN_UNREACHABLE_CODE = YES;
				CLANG_WARN__DUPLICATE_METHOD_MATCH = YES;
				COPY_PHASE_STRIP = NO;
				DEBUG_INFORMATION_FORMAT = "dwarf-with-dsym";
				ENABLE_NS_ASSERTIONS = NO;
				ENABLE_STRICT_OBJC_MSGSEND = YES;
				GCC_C_LANGUAGE_STANDARD = gnu11;
				GCC_NO_COMMON_BLOCKS = YES;
				GCC_WARN_64_TO_32_BIT_CONVERSION = YES;
				GCC_WARN_ABOUT_RETURN_TYPE = YES_ERROR;
				GCC_WARN_UNDECLARED_SELECTOR = YES;
				GCC_WARN_UNINITIALIZED_AUTOS = YES_AGGRESSIVE;
				GCC_WARN_UNUSED_FUNCTION = YES;
				GCC_WARN_UNUSED_VARIABLE = YES;
				IPHONEOS_DEPLOYMENT_TARGET = 13.5;
				MTL_ENABLE_DEBUG_INFO = NO;
				MTL_FAST_MATH = YES;
				SDKROOT = iphoneos;
				SWIFT_COMPILATION_MODE = wholemodule;
				SWIFT_OPTIMIZATION_LEVEL = "-O";
				VALIDATE_PRODUCT = YES;
			};
			name = Release;
		};
		4D5FC7CF248B015E00A10091 /* Debug */ = {
			isa = XCBuildConfiguration;
			buildSettings = {
				ASSETCATALOG_COMPILER_APPICON_NAME = AppIcon;
				CODE_SIGN_STYLE = Automatic;
				DEVELOPMENT_ASSET_PATHS = "\"News/Preview Content\"";
				ENABLE_PREVIEWS = YES;
				INFOPLIST_FILE = News/Info.plist;
				LD_RUNPATH_SEARCH_PATHS = (
					"$(inherited)",
					"@executable_path/Frameworks",
				);
				PRODUCT_BUNDLE_IDENTIFIER = "-.News";
				PRODUCT_NAME = "$(TARGET_NAME)";
				SWIFT_VERSION = 5.0;
				TARGETED_DEVICE_FAMILY = "1,2";
			};
			name = Debug;
		};
		4D5FC7D0248B015E00A10091 /* Release */ = {
			isa = XCBuildConfiguration;
			buildSettings = {
				ASSETCATALOG_COMPILER_APPICON_NAME = AppIcon;
				CODE_SIGN_STYLE = Automatic;
				DEVELOPMENT_ASSET_PATHS = "\"News/Preview Content\"";
				ENABLE_PREVIEWS = YES;
				INFOPLIST_FILE = News/Info.plist;
				LD_RUNPATH_SEARCH_PATHS = (
					"$(inherited)",
					"@executable_path/Frameworks",
				);
				PRODUCT_BUNDLE_IDENTIFIER = "-.News";
				PRODUCT_NAME = "$(TARGET_NAME)";
				SWIFT_VERSION = 5.0;
				TARGETED_DEVICE_FAMILY = "1,2";
			};
			name = Release;
		};
		4D5FC7D2248B015E00A10091 /* Debug */ = {
			isa = XCBuildConfiguration;
			buildSettings = {
				ALWAYS_EMBED_SWIFT_STANDARD_LIBRARIES = YES;
				BUNDLE_LOADER = "$(TEST_HOST)";
				CODE_SIGN_STYLE = Automatic;
				INFOPLIST_FILE = NewsTests/Info.plist;
				IPHONEOS_DEPLOYMENT_TARGET = 13.5;
				LD_RUNPATH_SEARCH_PATHS = (
					"$(inherited)",
					"@executable_path/Frameworks",
					"@loader_path/Frameworks",
				);
				PRODUCT_BUNDLE_IDENTIFIER = "-.NewsTests";
				PRODUCT_NAME = "$(TARGET_NAME)";
				SWIFT_VERSION = 5.0;
				TARGETED_DEVICE_FAMILY = "1,2";
				TEST_HOST = "$(BUILT_PRODUCTS_DIR)/News.app/News";
			};
			name = Debug;
		};
		4D5FC7D3248B015E00A10091 /* Release */ = {
			isa = XCBuildConfiguration;
			buildSettings = {
				ALWAYS_EMBED_SWIFT_STANDARD_LIBRARIES = YES;
				BUNDLE_LOADER = "$(TEST_HOST)";
				CODE_SIGN_STYLE = Automatic;
				INFOPLIST_FILE = NewsTests/Info.plist;
				IPHONEOS_DEPLOYMENT_TARGET = 13.5;
				LD_RUNPATH_SEARCH_PATHS = (
					"$(inherited)",
					"@executable_path/Frameworks",
					"@loader_path/Frameworks",
				);
				PRODUCT_BUNDLE_IDENTIFIER = "-.NewsTests";
				PRODUCT_NAME = "$(TARGET_NAME)";
				SWIFT_VERSION = 5.0;
				TARGETED_DEVICE_FAMILY = "1,2";
				TEST_HOST = "$(BUILT_PRODUCTS_DIR)/News.app/News";
			};
			name = Release;
		};
/* End XCBuildConfiguration section */

/* Begin XCConfigurationList section */
		4D5FC7AA248B015A00A10091 /* Build configuration list for PBXProject "News" */ = {
			isa = XCConfigurationList;
			buildConfigurations = (
				4D5FC7CC248B015E00A10091 /* Debug */,
				4D5FC7CD248B015E00A10091 /* Release */,
			);
			defaultConfigurationIsVisible = 0;
			defaultConfigurationName = Release;
		};
		4D5FC7CE248B015E00A10091 /* Build configuration list for PBXNativeTarget "News" */ = {
			isa = XCConfigurationList;
			buildConfigurations = (
				4D5FC7CF248B015E00A10091 /* Debug */,
				4D5FC7D0248B015E00A10091 /* Release */,
			);
			defaultConfigurationIsVisible = 0;
			defaultConfigurationName = Release;
		};
		4D5FC7D1248B015E00A10091 /* Build configuration list for PBXNativeTarget "NewsTests" */ = {
			isa = XCConfigurationList;
			buildConfigurations = (
				4D5FC7D2248B015E00A10091 /* Debug */,
				4D5FC7D3248B015E00A10091 /* Release */,
			);
			defaultConfigurationIsVisible = 0;
			defaultConfigurationName = Release;
		};
/* End XCConfigurationList section */
	};
	rootObject = 4D5FC7A7248B015A00A10091 /* Project object */;
}
